
Microsoft Visual Studio Solution File, Format Version 12.00
# Visual Studio 15
Project("{FAE04EC0-301F-11D3-BF4B-00C04F79EFBC}") = "D.D.A.B", "Assembly-CSharp.csproj", "{B09127B4-3544-5A65-C63E-7933D5E1539B}"
EndProject
Project("{FAE04EC0-301F-11D3-BF4B-00C04F79EFBC}") = "D.D.A.B", "Assembly-CSharp-Editor.csproj", "{85DBC4B4-63DA-110B-5962-E60E89AF9ADE}"
EndProject
Global
	GlobalSection(SolutionConfigurationPlatforms) = preSolution
		Debug|Any CPU = Debug|Any CPU
		Release|Any CPU = Release|Any CPU
	EndGlobalSection
	GlobalSection(ProjectConfigurationPlatforms) = postSolution
		{B09127B4-3544-5A65-C63E-7933D5E1539B}.Debug|Any CPU.ActiveCfg = Debug|Any CPU
		{B09127B4-3544-5A65-C63E-7933D5E1539B}.Debug|Any CPU.Build.0 = Debug|Any CPU
		{B09127B4-3544-5A65-C63E-7933D5E1539B}.Release|Any CPU.ActiveCfg = Release|Any CPU
		{B09127B4-3544-5A65-C63E-7933D5E1539B}.Release|Any CPU.Build.0 = Release|Any CPU
		{85DBC4B4-63DA-110B-5962-E60E89AF9ADE}.Debug|Any CPU.ActiveCfg = Debug|Any CPU
		{85DBC4B4-63DA-110B-5962-E60E89AF9ADE}.Debug|Any CPU.Build.0 = Debug|Any CPU
		{85DBC4B4-63DA-110B-5962-E60E89AF9ADE}.Release|Any CPU.ActiveCfg = Release|Any CPU
		{85DBC4B4-63DA-110B-5962-E60E89AF9ADE}.Release|Any CPU.Build.0 = Release|Any CPU
	EndGlobalSection
	GlobalSection(SolutionProperties) = preSolution
		HideSolutionNode = FALSE
	EndGlobalSection
EndGlobal
